
Microsoft Visual Studio Solution File, Format Version 12.00
# Visual Studio Version 17
VisualStudioVersion = 17.4.33213.308
MinimumVisualStudioVersion = 10.0.40219.1
Project("{9A19103F-16F7-4668-BE54-9A1E7A4F7556}") = "1-OlaMundo", "1-OlaMundo\1-OlaMundo.csproj", "{9453E1CD-B82B-406F-9199-A2953D64C1F9}"
EndProject
Project("{9A19103F-16F7-4668-BE54-9A1E7A4F7556}") = "2-CriandoVariaveis", "2-CriandoVariaveis\2-CriandoVariaveis.csproj", "{8092A718-5B63-4F51-A970-C53407757FC3}"
EndProject
Project("{9A19103F-16F7-4668-BE54-9A1E7A4F7556}") = "3-CriandoVariaveisPontoFlutuante", "3-CriandoVariaveisPontoFlutuante\3-CriandoVariaveisPontoFlutuante.csproj", "{82E4AE1E-69C3-4E90-892F-CF78A6C42904}"
EndProject
Project("{9A19103F-16F7-4668-BE54-9A1E7A4F7556}") = "4-ConvercoesEOutrosTipos", "4-ConvercoesEOutrosTipos\4-ConvercoesEOutrosTipos.csproj", "{88C3B67B-7452-4DA2-B7FF-E64FB450B2CD}"
EndProject
Project("{9A19103F-16F7-4668-BE54-9A1E7A4F7556}") = "5-CaracteresETextos", "5-CaracteresETextos\5-CaracteresETextos.csproj", "{16B483E6-E077-4D5C-A63A-EE3DBB3C3339}"
EndProject
Project("{9A19103F-16F7-4668-BE54-9A1E7A4F7556}") = "6-AtribuicoesDeVariaveis", "6-AtribuicoesDeVariaveis\6-AtribuicoesDeVariaveis.csproj", "{3B20B995-9D3D-458D-A049-9C9F81185FF2}"
EndProject
Project("{9A19103F-16F7-4668-BE54-9A1E7A4F7556}") = "7-Condicionais", "7-Condicionais\7-Condicionais.csproj", "{5CBDC0B8-6894-4964-94A0-78B49CFAD6AF}"
EndProject
Project("{FAE04EC0-301F-11D3-BF4B-00C04F79EFBC}") = "P8-CalculaPoupanca", "P8-CalculaPoupanca\P8-CalculaPoupanca.csproj", "{4C868B87-0DBB-463B-9EB4-AF4A9DD65A49}"
EndProject
Global
	GlobalSection(SolutionConfigurationPlatforms) = preSolution
		Debug|Any CPU = Debug|Any CPU
		Release|Any CPU = Release|Any CPU
	EndGlobalSection
	GlobalSection(ProjectConfigurationPlatforms) = postSolution
		{9453E1CD-B82B-406F-9199-A2953D64C1F9}.Debug|Any CPU.ActiveCfg = Debug|Any CPU
		{9453E1CD-B82B-406F-9199-A2953D64C1F9}.Debug|Any CPU.Build.0 = Debug|Any CPU
		{9453E1CD-B82B-406F-9199-A2953D64C1F9}.Release|Any CPU.ActiveCfg = Release|Any CPU
		{9453E1CD-B82B-406F-9199-A2953D64C1F9}.Release|Any CPU.Build.0 = Release|Any CPU
		{8092A718-5B63-4F51-A970-C53407757FC3}.Debug|Any CPU.ActiveCfg = Debug|Any CPU
		{8092A718-5B63-4F51-A970-C53407757FC3}.Debug|Any CPU.Build.0 = Debug|Any CPU
		{8092A718-5B63-4F51-A970-C53407757FC3}.Release|Any CPU.ActiveCfg = Release|Any CPU
		{8092A718-5B63-4F51-A970-C53407757FC3}.Release|Any CPU.Build.0 = Release|Any CPU
		{82E4AE1E-69C3-4E90-892F-CF78A6C42904}.Debug|Any CPU.ActiveCfg = Debug|Any CPU
		{82E4AE1E-69C3-4E90-892F-CF78A6C42904}.Debug|Any CPU.Build.0 = Debug|Any CPU
		{82E4AE1E-69C3-4E90-892F-CF78A6C42904}.Release|Any CPU.ActiveCfg = Release|Any CPU
		{82E4AE1E-69C3-4E90-892F-CF78A6C42904}.Release|Any CPU.Build.0 = Release|Any CPU
		{88C3B67B-7452-4DA2-B7FF-E64FB450B2CD}.Debug|Any CPU.ActiveCfg = Debug|Any CPU
		{88C3B67B-7452-4DA2-B7FF-E64FB450B2CD}.Debug|Any CPU.Build.0 = Debug|Any CPU
		{88C3B67B-7452-4DA2-B7FF-E64FB450B2CD}.Release|Any CPU.ActiveCfg = Release|Any CPU
		{88C3B67B-7452-4DA2-B7FF-E64FB450B2CD}.Release|Any CPU.Build.0 = Release|Any CPU
		{16B483E6-E077-4D5C-A63A-EE3DBB3C3339}.Debug|Any CPU.ActiveCfg = Debug|Any CPU
		{16B483E6-E077-4D5C-A63A-EE3DBB3C3339}.Debug|Any CPU.Build.0 = Debug|Any CPU
		{16B483E6-E077-4D5C-A63A-EE3DBB3C3339}.Release|Any CPU.ActiveCfg = Release|Any CPU
		{16B483E6-E077-4D5C-A63A-EE3DBB3C3339}.Release|Any CPU.Build.0 = Release|Any CPU
		{3B20B995-9D3D-458D-A049-9C9F81185FF2}.Debug|Any CPU.ActiveCfg = Debug|Any CPU
		{3B20B995-9D3D-458D-A049-9C9F81185FF2}.Debug|Any CPU.Build.0 = Debug|Any CPU
		{3B20B995-9D3D-458D-A049-9C9F81185FF2}.Release|Any CPU.ActiveCfg = Release|Any CPU
		{3B20B995-9D3D-458D-A049-9C9F81185FF2}.Release|Any CPU.Build.0 = Release|Any CPU
		{5CBDC0B8-6894-4964-94A0-78B49CFAD6AF}.Debug|Any CPU.ActiveCfg = Debug|Any CPU
		{5CBDC0B8-6894-4964-94A0-78B49CFAD6AF}.Debug|Any CPU.Build.0 = Debug|Any CPU
		{5CBDC0B8-6894-4964-94A0-78B49CFAD6AF}.Release|Any CPU.ActiveCfg = Release|Any CPU
		{5CBDC0B8-6894-4964-94A0-78B49CFAD6AF}.Release|Any CPU.Build.0 = Release|Any CPU
		{4C868B87-0DBB-463B-9EB4-AF4A9DD65A49}.Debug|Any CPU.ActiveCfg = Debug|Any CPU
		{4C868B87-0DBB-463B-9EB4-AF4A9DD65A49}.Debug|Any CPU.Build.0 = Debug|Any CPU
		{4C868B87-0DBB-463B-9EB4-AF4A9DD65A49}.Release|Any CPU.ActiveCfg = Release|Any CPU
		{4C868B87-0DBB-463B-9EB4-AF4A9DD65A49}.Release|Any CPU.Build.0 = Release|Any CPU
	EndGlobalSection
	GlobalSection(SolutionProperties) = preSolution
		HideSolutionNode = FALSE
	EndGlobalSection
	GlobalSection(ExtensibilityGlobals) = postSolution
		SolutionGuid = {FE6E9753-BD7E-4C09-8942-A2A867BE8AE2}
	EndGlobalSection
EndGlobal
